
Microsoft Visual Studio Solution File, Format Version 12.00
# Visual Studio Version 17
VisualStudioVersion = 17.0.31912.275
MinimumVisualStudioVersion = 10.0.40219.1
Project("{FAE04EC0-301F-11D3-BF4B-00C04F79EFBC}") = "PropertyInterfaceCasting", "PropertyInterfaceCasting.csproj", "{40BD0EE1-93AA-4327-9B4C-619B7BD98E32}"
EndProject
Global
	GlobalSection(SolutionConfigurationPlatforms) = preSolution
		Debug|Any CPU = Debug|Any CPU
		Release|Any CPU = Release|Any CPU
	EndGlobalSection
	GlobalSection(ProjectConfigurationPlatforms) = postSolution
		{40BD0EE1-93AA-4327-9B4C-619B7BD98E32}.Debug|Any CPU.ActiveCfg = Debug|Any CPU
		{40BD0EE1-93AA-4327-9B4C-619B7BD98E32}.Debug|Any CPU.Build.0 = Debug|Any CPU
		{40BD0EE1-93AA-4327-9B4C-619B7BD98E32}.Release|Any CPU.ActiveCfg = Release|Any CPU
		{40BD0EE1-93AA-4327-9B4C-619B7BD98E32}.Release|Any CPU.Build.0 = Release|Any CPU
	EndGlobalSection
	GlobalSection(SolutionProperties) = preSolution
		HideSolutionNode = FALSE
	EndGlobalSection
	GlobalSection(ExtensibilityGlobals) = postSolution
		SolutionGuid = {B64C83F2-5033-4366-8064-4BB433436E1C}
	EndGlobalSection
EndGlobal
