
Microsoft Visual Studio Solution File, Format Version 12.00
# Visual Studio Version 17
VisualStudioVersion = 17.0.31912.275
MinimumVisualStudioVersion = 10.0.40219.1
Project("{FAE04EC0-301F-11D3-BF4B-00C04F79EFBC}") = "HospitalManagementSystem", "HospitalManagementSystem.csproj", "{0D018EA7-812A-4842-B8E6-ED498433BD1E}"
EndProject
Global
	GlobalSection(SolutionConfigurationPlatforms) = preSolution
		Debug|Any CPU = Debug|Any CPU
		Release|Any CPU = Release|Any CPU
	EndGlobalSection
	GlobalSection(ProjectConfigurationPlatforms) = postSolution
		{0D018EA7-812A-4842-B8E6-ED498433BD1E}.Debug|Any CPU.ActiveCfg = Debug|Any CPU
		{0D018EA7-812A-4842-B8E6-ED498433BD1E}.Debug|Any CPU.Build.0 = Debug|Any CPU
		{0D018EA7-812A-4842-B8E6-ED498433BD1E}.Release|Any CPU.ActiveCfg = Release|Any CPU
		{0D018EA7-812A-4842-B8E6-ED498433BD1E}.Release|Any CPU.Build.0 = Release|Any CPU
	EndGlobalSection
	GlobalSection(SolutionProperties) = preSolution
		HideSolutionNode = FALSE
	EndGlobalSection
	GlobalSection(ExtensibilityGlobals) = postSolution
		SolutionGuid = {0840BD47-E2BC-470C-B7CC-1E9ABEEED305}
	EndGlobalSection
EndGlobal
